github.com/jinzhu/inflection v1.0.0/go.mod h1:h+uFLlag+Qp1Va5pdKtLDYj+kHp5pxUVkryuEj+Srlc=
github.com/jinzhu/now v1.1.1 h1:g39TucaRWyV3dwDO++eEc6qf8TVIQ/Da48WmqjZ3i7E=
github.com/jinzhu/now v1.1.1/go.mod h1:d3SSVoowX0Lcu0IBviAWJpolVfI5UJVZZ7cO71lE/z8=
github.com/kunstack/klog v0.0.2 h1:MO+2LrE5luwT+yrwhxo9HJnZqCu6MSunoytTV/m8PeA=
github.com/kunstack/klog v0.0.2/go.mod h1:d1S8Sc9RO1j8+JtnNFGuDBdN00zo7t2+cG+WiOxqNDc=
gorm.io/gorm v1.20.12 h1:ebZ5KrSHzet+sqOCVdH9mTjW91L298nX3v5lVxAzSUY=
gorm.io/gorm v1.20.12/go.mod h1:0HFTzE/SqkGTzK6TlDPPQbAYCluiVvhzoA1+aVyzenw=
